
Microsoft Visual Studio Solution File, Format Version 12.00
# Visual Studio Version 16
VisualStudioVersion = 16.0.30804.86
MinimumVisualStudioVersion = 10.0.40219.1
Project("{FAE04EC0-301F-11D3-BF4B-00C04F79EFBC}") = "DocFx.Plugins.Kroki", "DocFx.Plugins.Kroki\DocFx.Plugins.Kroki.csproj", "{3F55E73D-C92D-479A-9AE7-7B192F9331CF}"
EndProject
Global
	GlobalSection(SolutionConfigurationPlatforms) = preSolution
		Debug|Any CPU = Debug|Any CPU
		Release|Any CPU = Release|Any CPU
	EndGlobalSection
	GlobalSection(ProjectConfigurationPlatforms) = postSolution
		{3F55E73D-C92D-479A-9AE7-7B192F9331CF}.Debug|Any CPU.ActiveCfg = Debug|Any CPU
		{3F55E73D-C92D-479A-9AE7-7B192F9331CF}.Debug|Any CPU.Build.0 = Debug|Any CPU
		{3F55E73D-C92D-479A-9AE7-7B192F9331CF}.Release|Any CPU.ActiveCfg = Release|Any CPU
		{3F55E73D-C92D-479A-9AE7-7B192F9331CF}.Release|Any CPU.Build.0 = Release|Any CPU
	EndGlobalSection
	GlobalSection(SolutionProperties) = preSolution
		HideSolutionNode = FALSE
	EndGlobalSection
	GlobalSection(ExtensibilityGlobals) = postSolution
		SolutionGuid = {5E490056-2B62-4D22-A441-57E194FF2015}
	EndGlobalSection
EndGlobal
